
Microsoft Visual Studio Solution File, Format Version 12.00
# Visual Studio Version 17
VisualStudioVersion = 17.5.002.0
MinimumVisualStudioVersion = 10.0.40219.1
Project("{9A19103F-16F7-4668-BE54-9A1E7A4F7556}") = "api", "api.csproj", "{F169DF68-D463-491E-ACC9-CC3429143021}"
EndProject
Global
	GlobalSection(SolutionConfigurationPlatforms) = preSolution
		Debug|Any CPU = Debug|Any CPU
		Release|Any CPU = Release|Any CPU
	EndGlobalSection
	GlobalSection(ProjectConfigurationPlatforms) = postSolution
		{F169DF68-D463-491E-ACC9-CC3429143021}.Debug|Any CPU.ActiveCfg = Debug|Any CPU
		{F169DF68-D463-491E-ACC9-CC3429143021}.Debug|Any CPU.Build.0 = Debug|Any CPU
		{F169DF68-D463-491E-ACC9-CC3429143021}.Release|Any CPU.ActiveCfg = Release|Any CPU
		{F169DF68-D463-491E-ACC9-CC3429143021}.Release|Any CPU.Build.0 = Release|Any CPU
	EndGlobalSection
	GlobalSection(SolutionProperties) = preSolution
		HideSolutionNode = FALSE
	EndGlobalSection
	GlobalSection(ExtensibilityGlobals) = postSolution
		SolutionGuid = {6F4C907C-D5E9-4007-A2A3-FF2F2A439B53}
	EndGlobalSection
EndGlobal
